
Microsoft Visual Studio Solution File, Format Version 12.00
# Visual Studio Version 17
VisualStudioVersion = 17.14.36212.18 d17.14
MinimumVisualStudioVersion = 10.0.40219.1
Project("{FAE04EC0-301F-11D3-BF4B-00C04F79EFBC}") = "Exceptions", "Exceptions\Exceptions.csproj", "{FA90DAD5-9C4C-4CA8-AD8E-6A96B4FCDD9C}"
EndProject
Global
	GlobalSection(SolutionConfigurationPlatforms) = preSolution
		Debug|Any CPU = Debug|Any CPU
		Release|Any CPU = Release|Any CPU
	EndGlobalSection
	GlobalSection(ProjectConfigurationPlatforms) = postSolution
		{FA90DAD5-9C4C-4CA8-AD8E-6A96B4FCDD9C}.Debug|Any CPU.ActiveCfg = Debug|Any CPU
		{FA90DAD5-9C4C-4CA8-AD8E-6A96B4FCDD9C}.Debug|Any CPU.Build.0 = Debug|Any CPU
		{FA90DAD5-9C4C-4CA8-AD8E-6A96B4FCDD9C}.Release|Any CPU.ActiveCfg = Release|Any CPU
		{FA90DAD5-9C4C-4CA8-AD8E-6A96B4FCDD9C}.Release|Any CPU.Build.0 = Release|Any CPU
	EndGlobalSection
	GlobalSection(SolutionProperties) = preSolution
		HideSolutionNode = FALSE
	EndGlobalSection
	GlobalSection(ExtensibilityGlobals) = postSolution
		SolutionGuid = {60A45F91-0A44-4949-AEEB-D3F76088006E}
	EndGlobalSection
EndGlobal
